// !$*UTF8*$!
{
	archiveVersion = 1;
	classes = {
	};
	objectVersion = 46;
	objects = {

/* Begin PBXBuildFile section */
		404DB9F11B1FB54100BA8A6A /* AppDelegate.swift in Sources */ = {isa = PBXBuildFile; fileRef = 404DB9F01B1FB54100BA8A6A /* AppDelegate.swift */; };
		404DB9F31B1FB54100BA8A6A /* ViewController.swift in Sources */ = {isa = PBXBuildFile; fileRef = 404DB9F21B1FB54100BA8A6A /* ViewController.swift */; };
		404DB9F81B1FB54100BA8A6A /* Images.xcassets in Resources */ = {isa = PBXBuildFile; fileRef = 404DB9F71B1FB54100BA8A6A /* Images.xcassets */; };
		404DB9FB1B1FB54100BA8A6A /* LaunchScreen.xib in Resources */ = {isa = PBXBuildFile; fileRef = 404DB9F91B1FB54100BA8A6A /* LaunchScreen.xib */; };
		404DBA071B1FB54100BA8A6A /* FinalsCalculatorTests.swift in Sources */ = {isa = PBXBuildFile; fileRef = 404DBA061B1FB54100BA8A6A /* FinalsCalculatorTests.swift */; };
		404DBA111B1FC59F00BA8A6A /* ViewController2.swift in Sources */ = {isa = PBXBuildFile; fileRef = 404DBA101B1FC59F00BA8A6A /* ViewController2.swift */; };
		404DBA191B1FCFC000BA8A6A /* Main.storyboard in Resources */ = {isa = PBXBuildFile; fileRef = 404DBA171B1FCFC000BA8A6A /* Main.storyboard */; };
		404DBA1B1B1FD29200BA8A6A /* ViewController3.swift in Sources */ = {isa = PBXBuildFile; fileRef = 404DBA1A1B1FD29200BA8A6A /* ViewController3.swift */; };
		404DBA1D1B1FF08700BA8A6A /* iphonebg.jpg in Resources */ = {isa = PBXBuildFile; fileRef = 404DBA1C1B1FF08700BA8A6A /* iphonebg.jpg */; };
/* End PBXBuildFile section */

/* Begin PBXContainerItemProxy section */
		404DBA011B1FB54100BA8A6A /* PBXContainerItemProxy */ = {
			isa = PBXContainerItemProxy;
			containerPortal = 404DB9E31B1FB54100BA8A6A /* Project object */;
			proxyType = 1;
			remoteGlobalIDString = 404DB9EA1B1FB54100BA8A6A;
			remoteInfo = FinalsCalculator;
		};
/* End PBXContainerItemProxy section */

/* Begin PBXFileReference section */
		404DB9EB1B1FB54100BA8A6A /* FinalsCalculator.app */ = {isa = PBXFileReference; explicitFileType = wrapper.application; includeInIndex = 0; path = FinalsCalculator.app; sourceTree = BUILT_PRODUCTS_DIR; };
		404DB9EF1B1FB54100BA8A6A /* Info.plist */ = {isa = PBXFileReference; lastKnownFileType = text.plist.xml; path = Info.plist; sourceTree = "<group>"; };
		404DB9F01B1FB54100BA8A6A /* AppDelegate.swift */ = {isa = PBXFileReference; lastKnownFileType = sourcecode.swift; path = AppDelegate.swift; sourceTree = "<group>"; };
		404DB9F21B1FB54100BA8A6A /* ViewController.swift */ = {isa = PBXFileReference; lastKnownFileType = sourcecode.swift; path = ViewController.swift; sourceTree = "<group>"; };
		404DB9F71B1FB54100BA8A6A /* Images.xcassets */ = {isa = PBXFileReference; lastKnownFileType = folder.assetcatalog; path = Images.xcassets; sourceTree = "<group>"; };
		404DB9FA1B1FB54100BA8A6A /* Base */ = {isa = PBXFileReference; lastKnownFileType = file.xib; name = Base; path = Base.lproj/LaunchScreen.xib; sourceTree = "<group>"; };
		404DBA001B1FB54100BA8A6A /* FinalsCalculatorTests.xctest */ = {isa = PBXFileReference; explicitFileType = wrapper.cfbundle; includeInIndex = 0; path = FinalsCalculatorTests.xctest; sourceTree = BUILT_PRODUCTS_DIR; };
		404DBA051B1FB54100BA8A6A /* Info.plist */ = {isa = PBXFileReference; lastKnownFileType = text.plist.xml; path = Info.plist; sourceTree = "<group>"; };
		404DBA061B1FB54100BA8A6A /* FinalsCalculatorTests.swift */ = {isa = PBXFileReference; lastKnownFileType = sourcecode.swift; path = FinalsCalculatorTests.swift; sourceTree = "<group>"; };
		404DBA101B1FC59F00BA8A6A /* ViewController2.swift */ = {isa = PBXFileReference; fileEncoding = 4; lastKnownFileType = sourcecode.swift; path = ViewController2.swift; sourceTree = "<group>"; };
		404DBA181B1FCFC000BA8A6A /* Base */ = {isa = PBXFileReference; lastKnownFileType = file.storyboard; name = Base; path = Base.lproj/Main.storyboard; sourceTree = "<group>"; };
		404DBA1A1B1FD29200BA8A6A /* ViewController3.swift */ = {isa = PBXFileReference; fileEncoding = 4; lastKnownFileType = sourcecode.swift; path = ViewController3.swift; sourceTree = "<group>"; };
		404DBA1C1B1FF08700BA8A6A /* iphonebg.jpg */ = {isa = PBXFileReference; lastKnownFileType = image.jpeg; name = iphonebg.jpg; path = Images.xcassets/iphonebg.jpg; sourceTree = "<group>"; };
/* End PBXFileReference section */

/* Begin PBXFrameworksBuildPhase section */
		404DB9E81B1FB54100BA8A6A /* Frameworks */ = {
			isa = PBXFrameworksBuildPhase;
			buildActionMask = 2147483647;
			files = (
			);
			runOnlyForDeploymentPostprocessing = 0;
		};
		404DB9FD1B1FB54100BA8A6A /* Frameworks */ = {
			isa = PBXFrameworksBuildPhase;
			buildActionMask = 2147483647;
			files = (
			);
			runOnlyForDeploymentPostprocessing = 0;
		};
/* End PBXFrameworksBuildPhase section */

/* Begin PBXGroup section */
		404DB9E21B1FB54100BA8A6A = {
			isa = PBXGroup;
			children = (
				404DB9ED1B1FB54100BA8A6A /* FinalsCalculator */,
				404DBA031B1FB54100BA8A6A /* FinalsCalculatorTests */,
				404DB9EC1B1FB54100BA8A6A /* Products */,
			);
			sourceTree = "<group>";
		};
		404DB9EC1B1FB54100BA8A6A /* Products */ = {
			isa = PBXGroup;
			children = (
				404DB9EB1B1FB54100BA8A6A /* FinalsCalculator.app */,
				404DBA001B1FB54100BA8A6A /* FinalsCalculatorTests.xctest */,
			);
			name = Products;
			sourceTree = "<group>";
		};
		404DB9ED1B1FB54100BA8A6A /* FinalsCalculator */ = {
			isa = PBXGroup;
			children = (
				404DBA1C1B1FF08700BA8A6A /* iphonebg.jpg */,
				404DB9F01B1FB54100BA8A6A /* AppDelegate.swift */,
				404DB9F21B1FB54100BA8A6A /* ViewController.swift */,
				404DBA101B1FC59F00BA8A6A /* ViewController2.swift */,
				404DBA1A1B1FD29200BA8A6A /* ViewController3.swift */,
				404DBA171B1FCFC000BA8A6A /* Main.storyboard */,
				404DB9F71B1FB54100BA8A6A /* Images.xcassets */,
				404DB9F91B1FB54100BA8A6A /* LaunchScreen.xib */,
				404DB9EE1B1FB54100BA8A6A /* Supporting Files */,
			);
			path = FinalsCalculator;
			sourceTree = "<group>";
		};
		404DB9EE1B1FB54100BA8A6A /* Supporting Files */ = {
			isa = PBXGroup;
			children = (
				404DB9EF1B1FB54100BA8A6A /* Info.plist */,
			);
			name = "Supporting Files";
			sourceTree = "<group>";
		};
		404DBA031B1FB54100BA8A6A /* FinalsCalculatorTests */ = {
			isa = PBXGroup;
			children = (
				404DBA061B1FB54100BA8A6A /* FinalsCalculatorTests.swift */,
				404DBA041B1FB54100BA8A6A /* Supporting Files */,
			);
			path = FinalsCalculatorTests;
			sourceTree = "<group>";
		};
		404DBA041B1FB54100BA8A6A /* Supporting Files */ = {
			isa = PBXGroup;
			children = (
				404DBA051B1FB54100BA8A6A /* Info.plist */,
			);
			name = "Supporting Files";
			sourceTree = "<group>";
		};
/* End PBXGroup section */

/* Begin PBXNativeTarget section */
		404DB9EA1B1FB54100BA8A6A /* FinalsCalculator */ = {
			isa = PBXNativeTarget;
			buildConfigurationList = 404DBA0A1B1FB54100BA8A6A /* Build configuration list for PBXNativeTarget "FinalsCalculator" */;
			buildPhases = (
				404DB9E71B1FB54100BA8A6A /* Sources */,
				404DB9E81B1FB54100BA8A6A /* Frameworks */,
				404DB9E91B1FB54100BA8A6A /* Resources */,
			);
			buildRules = (
			);
			dependencies = (
			);
			name = FinalsCalculator;
			productName = FinalsCalculator;
			productReference = 404DB9EB1B1FB54100BA8A6A /* FinalsCalculator.app */;
			productType = "com.apple.product-type.application";
		};
		404DB9FF1B1FB54100BA8A6A /* FinalsCalculatorTests */ = {
			isa = PBXNativeTarget;
			buildConfigurationList = 404DBA0D1B1FB54100BA8A6A /* Build configuration list for PBXNativeTarget "FinalsCalculatorTests" */;
			buildPhases = (
				404DB9FC1B1FB54100BA8A6A /* Sources */,
				404DB9FD1B1FB54100BA8A6A /* Frameworks */,
				404DB9FE1B1FB54100BA8A6A /* Resources */,
			);
			buildRules = (
			);
			dependencies = (
				404DBA021B1FB54100BA8A6A /* PBXTargetDependency */,
			);
			name = FinalsCalculatorTests;
			productName = FinalsCalculatorTests;
			productReference = 404DBA001B1FB54100BA8A6A /* FinalsCalculatorTests.xctest */;
			productType = "com.apple.product-type.bundle.unit-test";
		};
/* End PBXNativeTarget section */

/* Begin PBXProject section */
		404DB9E31B1FB54100BA8A6A /* Project object */ = {
			isa = PBXProject;
			attributes = {
				LastUpgradeCheck = 0630;
				ORGANIZATIONNAME = "SJ Coding";
				TargetAttributes = {
					404DB9EA1B1FB54100BA8A6A = {
						CreatedOnToolsVersion = 6.3.2;
					};
					404DB9FF1B1FB54100BA8A6A = {
						CreatedOnToolsVersion = 6.3.2;
						TestTargetID = 404DB9EA1B1FB54100BA8A6A;
					};
				};
			};
			buildConfigurationList = 404DB9E61B1FB54100BA8A6A /* Build configuration list for PBXProject "FinalsCalculator" */;
			compatibilityVersion = "Xcode 3.2";
			developmentRegion = English;
			hasScannedForEncodings = 0;
			knownRegions = (
				en,
				Base,
			);
			mainGroup = 404DB9E21B1FB54100BA8A6A;
			productRefGroup = 404DB9EC1B1FB54100BA8A6A /* Products */;
			projectDirPath = "";
			projectRoot = "";
			targets = (
				404DB9EA1B1FB54100BA8A6A /* FinalsCalculator */,
				404DB9FF1B1FB54100BA8A6A /* FinalsCalculatorTests */,
			);
		};
/* End PBXProject section */

/* Begin PBXResourcesBuildPhase section */
		404DB9E91B1FB54100BA8A6A /* Resources */ = {
			isa = PBXResourcesBuildPhase;
			buildActionMask = 2147483647;
			files = (
				404DBA191B1FCFC000BA8A6A /* Main.storyboard in Resources */,
				404DB9FB1B1FB54100BA8A6A /* LaunchScreen.xib in Resources */,
				404DB9F81B1FB54100BA8A6A /* Images.xcassets in Resources */,
				404DBA1D1B1FF08700BA8A6A /* iphonebg.jpg in Resources */,
			);
			runOnlyForDeploymentPostprocessing = 0;
		};
		404DB9FE1B1FB54100BA8A6A /* Resources */ = {
			isa = PBXResourcesBuildPhase;
			buildActionMask = 2147483647;
			files = (
			);
			runOnlyForDeploymentPostprocessing = 0;
		};
/* End PBXResourcesBuildPhase section */

/* Begin PBXSourcesBuildPhase section */
		404DB9E71B1FB54100BA8A6A /* Sources */ = {
			isa = PBXSourcesBuildPhase;
			buildActionMask = 2147483647;
			files = (
				404DB9F31B1FB54100BA8A6A /* ViewController.swift in Sources */,
				404DB9F11B1FB54100BA8A6A /* AppDelegate.swift in Sources */,
				404DBA1B1B1FD29200BA8A6A /* ViewController3.swift in Sources */,
				404DBA111B1FC59F00BA8A6A /* ViewController2.swift in Sources */,
			);
			runOnlyForDeploymentPostprocessing = 0;
		};
		404DB9FC1B1FB54100BA8A6A /* Sources */ = {
			isa = PBXSourcesBuildPhase;
			buildActionMask = 2147483647;
			files = (
				404DBA071B1FB54100BA8A6A /* FinalsCalculatorTests.swift in Sources */,
			);
			runOnlyForDeploymentPostprocessing = 0;
		};
/* End PBXSourcesBuildPhase section */

/* Begin PBXTargetDependency section */
		404DBA021B1FB54100BA8A6A /* PBXTargetDependency */ = {
			isa = PBXTargetDependency;
			target = 404DB9EA1B1FB54100BA8A6A /* FinalsCalculator */;
			targetProxy = 404DBA011B1FB54100BA8A6A /* PBXContainerItemProxy */;
		};
/* End PBXTargetDependency section */

/* Begin PBXVariantGroup section */
		404DB9F91B1FB54100BA8A6A /* LaunchScreen.xib */ = {
			isa = PBXVariantGroup;
			children = (
				404DB9FA1B1FB54100BA8A6A /* Base */,
			);
			name = LaunchScreen.xib;
			sourceTree = "<group>";
		};
		404DBA171B1FCFC000BA8A6A /* Main.storyboard */ = {
			isa = PBXVariantGroup;
			children = (
				404DBA181B1FCFC000BA8A6A /* Base */,
			);
			name = Main.storyboard;
			sourceTree = "<group>";
		};
/* End PBXVariantGroup section */

/* Begin XCBuildConfiguration section */
		404DBA081B1FB54100BA8A6A /* Debug */ = {
			isa = XCBuildConfiguration;
			buildSettings = {
				ALWAYS_SEARCH_USER_PATHS = NO;
				CLANG_CXX_LANGUAGE_STANDARD = "gnu++0x";
				CLANG_CXX_LIBRARY = "libc++";
				CLANG_ENABLE_MODULES = YES;
				CLANG_ENABLE_OBJC_ARC = YES;
				CLANG_WARN_BOOL_CONVERSION = YES;
				CLANG_WARN_CONSTANT_CONVERSION = YES;
				CLANG_WARN_DIRECT_OBJC_ISA_USAGE = YES_ERROR;
				CLANG_WARN_EMPTY_BODY = YES;
				CLANG_WARN_ENUM_CONVERSION = YES;
				CLANG_WARN_INT_CONVERSION = YES;
				CLANG_WARN_OBJC_ROOT_CLASS = YES_ERROR;
				CLANG_WARN_UNREACHABLE_CODE = YES;
				CLANG_WARN__DUPLICATE_METHOD_MATCH = YES;
				"CODE_SIGN_IDENTITY[sdk=iphoneos*]" = "iPhone Developer";
				COPY_PHASE_STRIP = NO;
				DEBUG_INFORMATION_FORMAT = "dwarf-with-dsym";
				ENABLE_STRICT_OBJC_MSGSEND = YES;
				GCC_C_LANGUAGE_STANDARD = gnu99;
				GCC_DYNAMIC_NO_PIC = NO;
				GCC_NO_COMMON_BLOCKS = YES;
				GCC_OPTIMIZATION_LEVEL = 0;
				GCC_PREPROCESSOR_DEFINITIONS = (
					"DEBUG=1",
					"$(inherited)",
				);
				GCC_SYMBOLS_PRIVATE_EXTERN = NO;
				GCC_WARN_64_TO_32_BIT_CONVERSION = YES;
				GCC_WARN_ABOUT_RETURN_TYPE = YES_ERROR;
				GCC_WARN_UNDECLARED_SELECTOR = YES;
				GCC_WARN_UNINITIALIZED_AUTOS = YES_AGGRESSIVE;
				GCC_WARN_UNUSED_FUNCTION = YES;
				GCC_WARN_UNUSED_VARIABLE = YES;
				IPHONEOS_DEPLOYMENT_TARGET = 8.3;
				MTL_ENABLE_DEBUG_INFO = YES;
				ONLY_ACTIVE_ARCH = YES;
				SDKROOT = iphoneos;
				SWIFT_OPTIMIZATION_LEVEL = "-Onone";
			};
			name = Debug;
		};
		404DBA091B1FB54100BA8A6A /* Release */ = {
			isa = XCBuildConfiguration;
			buildSettings = {
				ALWAYS_SEARCH_USER_PATHS = NO;
				CLANG_CXX_LANGUAGE_STANDARD = "gnu++0x";
				CLANG_CXX_LIBRARY = "libc++";
				CLANG_ENABLE_MODULES = YES;
				CLANG_ENABLE_OBJC_ARC = YES;
				CLANG_WARN_BOOL_CONVERSION = YES;
				CLANG_WARN_CONSTANT_CONVERSION = YES;
				CLANG_WARN_DIRECT_OBJC_ISA_USAGE = YES_ERROR;
				CLANG_WARN_EMPTY_BODY = YES;
				CLANG_WARN_ENUM_CONVERSION = YES;
				CLANG_WARN_INT_CONVERSION = YES;
				CLANG_WARN_OBJC_ROOT_CLASS = YES_ERROR;
				CLANG_WARN_UNREACHABLE_CODE = YES;
				CLANG_WARN__DUPLICATE_METHOD_MATCH = YES;
				"CODE_SIGN_IDENTITY[sdk=iphoneos*]" = "iPhone Developer";
				COPY_PHASE_STRIP = NO;
				DEBUG_INFORMATION_FORMAT = "dwarf-with-dsym";
				ENABLE_NS_ASSERTIONS = NO;
				ENABLE_STRICT_OBJC_MSGSEND = YES;
				GCC_C_LANGUAGE_STANDARD = gnu99;
				GCC_NO_COMMON_BLOCKS = YES;
				GCC_WARN_64_TO_32_BIT_CONVERSION = YES;
				GCC_WARN_ABOUT_RETURN_TYPE = YES_ERROR;
				GCC_WARN_UNDECLARED_SELECTOR = YES;
				GCC_WARN_UNINITIALIZED_AUTOS = YES_AGGRESSIVE;
				GCC_WARN_UNUSED_FUNCTION = YES;
				GCC_WARN_UNUSED_VARIABLE = YES;
				IPHONEOS_DEPLOYMENT_TARGET = 8.3;
				MTL_ENABLE_DEBUG_INFO = NO;
				SDKROOT = iphoneos;
				VALIDATE_PRODUCT = YES;
			};
			name = Release;
		};
		404DBA0B1B1FB54100BA8A6A /* Debug */ = {
			isa = XCBuildConfiguration;
			buildSettings = {
				ASSETCATALOG_COMPILER_APPICON_NAME = AppIcon;
				INFOPLIST_FILE = FinalsCalculator/Info.plist;
				LD_RUNPATH_SEARCH_PATHS = "$(inherited) @executable_path/Frameworks";
				PRODUCT_NAME = "$(TARGET_NAME)";
			};
			name = Debug;
		};
		404DBA0C1B1FB54100BA8A6A /* Release */ = {
			isa = XCBuildConfiguration;
			buildSettings = {
				ASSETCATALOG_COMPILER_APPICON_NAME = AppIcon;
				INFOPLIST_FILE = FinalsCalculator/Info.plist;
				LD_RUNPATH_SEARCH_PATHS = "$(inherited) @executable_path/Frameworks";
				PRODUCT_NAME = "$(TARGET_NAME)";
			};
			name = Release;
		};
		404DBA0E1B1FB54100BA8A6A /* Debug */ = {
			isa = XCBuildConfiguration;
			buildSettings = {
				BUNDLE_LOADER = "$(TEST_HOST)";
				FRAMEWORK_SEARCH_PATHS = (
					"$(SDKROOT)/Developer/Library/Frameworks",
					"$(inherited)",
				);
				GCC_PREPROCESSOR_DEFINITIONS = (
					"DEBUG=1",
					"$(inherited)",
				);
				INFOPLIST_FILE = FinalsCalculatorTests/Info.plist;
				LD_RUNPATH_SEARCH_PATHS = "$(inherited) @executable_path/Frameworks @loader_path/Frameworks";
				PRODUCT_NAME = "$(TARGET_NAME)";
				TEST_HOST = "$(BUILT_PRODUCTS_DIR)/FinalsCalculator.app/FinalsCalculator";
			};
			name = Debug;
		};
		404DBA0F1B1FB54100BA8A6A /* Release */ = {
			isa = XCBuildConfiguration;
			buildSettings = {
				BUNDLE_LOADER = "$(TEST_HOST)";
				FRAMEWORK_SEARCH_PATHS = (
					"$(SDKROOT)/Developer/Library/Frameworks",
					"$(inherited)",
				);
				INFOPLIST_FILE = FinalsCalculatorTests/Info.plist;
				LD_RUNPATH_SEARCH_PATHS = "$(inherited) @executable_path/Frameworks @loader_path/Frameworks";
				PRODUCT_NAME = "$(TARGET_NAME)";
				TEST_HOST = "$(BUILT_PRODUCTS_DIR)/FinalsCalculator.app/FinalsCalculator";
			};
			name = Release;
		};
/* End XCBuildConfiguration section */

/* Begin XCConfigurationList section */
		404DB9E61B1FB54100BA8A6A /* Build configuration list for PBXProject "FinalsCalculator" */ = {
			isa = XCConfigurationList;
			buildConfigurations = (
				404DBA081B1FB54100BA8A6A /* Debug */,
				404DBA091B1FB54100BA8A6A /* Release */,
			);
			defaultConfigurationIsVisible = 0;
			defaultConfigurationName = Release;
		};
		404DBA0A1B1FB54100BA8A6A /* Build configuration list for PBXNativeTarget "FinalsCalculator" */ = {
			isa = XCConfigurationList;
			buildConfigurations = (
				404DBA0B1B1FB54100BA8A6A /* Debug */,
				404DBA0C1B1FB54100BA8A6A /* Release */,
			);
			defaultConfigurationIsVisible = 0;
		};
		404DBA0D1B1FB54100BA8A6A /* Build configuration list for PBXNativeTarget "FinalsCalculatorTests" */ = {
			isa = XCConfigurationList;
			buildConfigurations = (
				404DBA0E1B1FB54100BA8A6A /* Debug */,
				404DBA0F1B1FB54100BA8A6A /* Release */,
			);
			defaultConfigurationIsVisible = 0;
		};
/* End XCConfigurationList section */
	};
	rootObject = 404DB9E31B1FB54100BA8A6A /* Project object */;
}
